// !$*UTF8*$!
{
	archiveVersion = 1;
	classes = {
	};
	objectVersion = 55;
	objects = {

/* Begin PBXBuildFile section */
		A8A71AB32952CCB70084CC9E /* AnonymousApp.swift in Sources */ = {isa = PBXBuildFile; fileRef = A8A71AB22952CCB70084CC9E /* AnonymousApp.swift */; };
		A8A71AB52952CCB70084CC9E /* ContentView.swift in Sources */ = {isa = PBXBuildFile; fileRef = A8A71AB42952CCB70084CC9E /* ContentView.swift */; };
		A8A71AB72952CCBB0084CC9E /* Assets.xcassets in Resources */ = {isa = PBXBuildFile; fileRef = A8A71AB62952CCBB0084CC9E /* Assets.xcassets */; };
		A8A71ABA2952CCBB0084CC9E /* Preview Assets.xcassets in Resources */ = {isa = PBXBuildFile; fileRef = A8A71AB92952CCBB0084CC9E /* Preview Assets.xcassets */; };
		A8A71AC42952CCBC0084CC9E /* AnonymousTests.swift in Sources */ = {isa = PBXBuildFile; fileRef = A8A71AC32952CCBC0084CC9E /* AnonymousTests.swift */; };
		A8A71ACE2952CCBC0084CC9E /* AnonymousUITests.swift in Sources */ = {isa = PBXBuildFile; fileRef = A8A71ACD2952CCBC0084CC9E /* AnonymousUITests.swift */; };
		A8A71AD02952CCBC0084CC9E /* AnonymousUITestsLaunchTests.swift in Sources */ = {isa = PBXBuildFile; fileRef = A8A71ACF2952CCBC0084CC9E /* AnonymousUITestsLaunchTests.swift */; };
/* End PBXBuildFile section */

/* Begin PBXContainerItemProxy section */
		A8A71AC02952CCBC0084CC9E /* PBXContainerItemProxy */ = {
			isa = PBXContainerItemProxy;
			containerPortal = A8A71AA72952CCB70084CC9E /* Project object */;
			proxyType = 1;
			remoteGlobalIDString = A8A71AAE2952CCB70084CC9E;
			remoteInfo = Anonymous;
		};
		A8A71ACA2952CCBC0084CC9E /* PBXContainerItemProxy */ = {
			isa = PBXContainerItemProxy;
			containerPortal = A8A71AA72952CCB70084CC9E /* Project object */;
			proxyType = 1;
			remoteGlobalIDString = A8A71AAE2952CCB70084CC9E;
			remoteInfo = Anonymous;
		};
/* End PBXContainerItemProxy section */

/* Begin PBXFileReference section */
		A8A71AAF2952CCB70084CC9E /* Anonymous.app */ = {isa = PBXFileReference; explicitFileType = wrapper.application; includeInIndex = 0; path = Anonymous.app; sourceTree = BUILT_PRODUCTS_DIR; };
		A8A71AB22952CCB70084CC9E /* AnonymousApp.swift */ = {isa = PBXFileReference; lastKnownFileType = sourcecode.swift; path = AnonymousApp.swift; sourceTree = "<group>"; };
		A8A71AB42952CCB70084CC9E /* ContentView.swift */ = {isa = PBXFileReference; lastKnownFileType = sourcecode.swift; path = ContentView.swift; sourceTree = "<group>"; };
		A8A71AB62952CCBB0084CC9E /* Assets.xcassets */ = {isa = PBXFileReference; lastKnownFileType = folder.assetcatalog; path = Assets.xcassets; sourceTree = "<group>"; };
		A8A71AB92952CCBB0084CC9E /* Preview Assets.xcassets */ = {isa = PBXFileReference; lastKnownFileType = folder.assetcatalog; path = "Preview Assets.xcassets"; sourceTree = "<group>"; };
		A8A71ABF2952CCBC0084CC9E /* AnonymousTests.xctest */ = {isa = PBXFileReference; explicitFileType = wrapper.cfbundle; includeInIndex = 0; path = AnonymousTests.xctest; sourceTree = BUILT_PRODUCTS_DIR; };
		A8A71AC32952CCBC0084CC9E /* AnonymousTests.swift */ = {isa = PBXFileReference; lastKnownFileType = sourcecode.swift; path = AnonymousTests.swift; sourceTree = "<group>"; };
		A8A71AC92952CCBC0084CC9E /* AnonymousUITests.xctest */ = {isa = PBXFileReference; explicitFileType = wrapper.cfbundle; includeInIndex = 0; path = AnonymousUITests.xctest; sourceTree = BUILT_PRODUCTS_DIR; };
		A8A71ACD2952CCBC0084CC9E /* AnonymousUITests.swift */ = {isa = PBXFileReference; lastKnownFileType = sourcecode.swift; path = AnonymousUITests.swift; sourceTree = "<group>"; };
		A8A71ACF2952CCBC0084CC9E /* AnonymousUITestsLaunchTests.swift */ = {isa = PBXFileReference; lastKnownFileType = sourcecode.swift; path = AnonymousUITestsLaunchTests.swift; sourceTree = "<group>"; };
/* End PBXFileReference section */

/* Begin PBXFrameworksBuildPhase section */
		A8A71AAC2952CCB70084CC9E /* Frameworks */ = {
			isa = PBXFrameworksBuildPhase;
			buildActionMask = 2147483647;
			files = (
			);
			runOnlyForDeploymentPostprocessing = 0;
		};
		A8A71ABC2952CCBC0084CC9E /* Frameworks */ = {
			isa = PBXFrameworksBuildPhase;
			buildActionMask = 2147483647;
			files = (
			);
			runOnlyForDeploymentPostprocessing = 0;
		};
		A8A71AC62952CCBC0084CC9E /* Frameworks */ = {
			isa = PBXFrameworksBuildPhase;
			buildActionMask = 2147483647;
			files = (
			);
			runOnlyForDeploymentPostprocessing = 0;
		};
/* End PBXFrameworksBuildPhase section */

/* Begin PBXGroup section */
		A8A71AA62952CCB70084CC9E = {
			isa = PBXGroup;
			children = (
				A8A71AB12952CCB70084CC9E /* Anonymous */,
				A8A71AC22952CCBC0084CC9E /* AnonymousTests */,
				A8A71ACC2952CCBC0084CC9E /* AnonymousUITests */,
				A8A71AB02952CCB70084CC9E /* Products */,
			);
			sourceTree = "<group>";
		};
		A8A71AB02952CCB70084CC9E /* Products */ = {
			isa = PBXGroup;
			children = (
				A8A71AAF2952CCB70084CC9E /* Anonymous.app */,
				A8A71ABF2952CCBC0084CC9E /* AnonymousTests.xctest */,
				A8A71AC92952CCBC0084CC9E /* AnonymousUITests.xctest */,
			);
			name = Products;
			sourceTree = "<group>";
		};
		A8A71AB12952CCB70084CC9E /* Anonymous */ = {
			isa = PBXGroup;
			children = (
				A8A71AB22952CCB70084CC9E /* AnonymousApp.swift */,
				A8A71AB42952CCB70084CC9E /* ContentView.swift */,
				A8A71AB62952CCBB0084CC9E /* Assets.xcassets */,
				A8A71AB82952CCBB0084CC9E /* Preview Content */,
			);
			path = Anonymous;
			sourceTree = "<group>";
		};
		A8A71AB82952CCBB0084CC9E /* Preview Content */ = {
			isa = PBXGroup;
			children = (
				A8A71AB92952CCBB0084CC9E /* Preview Assets.xcassets */,
			);
			path = "Preview Content";
			sourceTree = "<group>";
		};
		A8A71AC22952CCBC0084CC9E /* AnonymousTests */ = {
			isa = PBXGroup;
			children = (
				A8A71AC32952CCBC0084CC9E /* AnonymousTests.swift */,
			);
			path = AnonymousTests;
			sourceTree = "<group>";
		};
		A8A71ACC2952CCBC0084CC9E /* AnonymousUITests */ = {
			isa = PBXGroup;
			children = (
				A8A71ACD2952CCBC0084CC9E /* AnonymousUITests.swift */,
				A8A71ACF2952CCBC0084CC9E /* AnonymousUITestsLaunchTests.swift */,
			);
			path = AnonymousUITests;
			sourceTree = "<group>";
		};
/* End PBXGroup section */

/* Begin PBXNativeTarget section */
		A8A71AAE2952CCB70084CC9E /* Anonymous */ = {
			isa = PBXNativeTarget;
			buildConfigurationList = A8A71AD32952CCBC0084CC9E /* Build configuration list for PBXNativeTarget "Anonymous" */;
			buildPhases = (
				A8A71AAB2952CCB70084CC9E /* Sources */,
				A8A71AAC2952CCB70084CC9E /* Frameworks */,
				A8A71AAD2952CCB70084CC9E /* Resources */,
			);
			buildRules = (
			);
			dependencies = (
			);
			name = Anonymous;
			productName = Anonymous;
			productReference = A8A71AAF2952CCB70084CC9E /* Anonymous.app */;
			productType = "com.apple.product-type.application";
		};
		A8A71ABE2952CCBC0084CC9E /* AnonymousTests */ = {
			isa = PBXNativeTarget;
			buildConfigurationList = A8A71AD62952CCBC0084CC9E /* Build configuration list for PBXNativeTarget "AnonymousTests" */;
			buildPhases = (
				A8A71ABB2952CCBC0084CC9E /* Sources */,
				A8A71ABC2952CCBC0084CC9E /* Frameworks */,
				A8A71ABD2952CCBC0084CC9E /* Resources */,
			);
			buildRules = (
			);
			dependencies = (
				A8A71AC12952CCBC0084CC9E /* PBXTargetDependency */,
			);
			name = AnonymousTests;
			productName = AnonymousTests;
			productReference = A8A71ABF2952CCBC0084CC9E /* AnonymousTests.xctest */;
			productType = "com.apple.product-type.bundle.unit-test";
		};
		A8A71AC82952CCBC0084CC9E /* AnonymousUITests */ = {
			isa = PBXNativeTarget;
			buildConfigurationList = A8A71AD92952CCBC0084CC9E /* Build configuration list for PBXNativeTarget "AnonymousUITests" */;
			buildPhases = (
				A8A71AC52952CCBC0084CC9E /* Sources */,
				A8A71AC62952CCBC0084CC9E /* Frameworks */,
				A8A71AC72952CCBC0084CC9E /* Resources */,
			);
			buildRules = (
			);
			dependencies = (
				A8A71ACB2952CCBC0084CC9E /* PBXTargetDependency */,
			);
			name = AnonymousUITests;
			productName = AnonymousUITests;
			productReference = A8A71AC92952CCBC0084CC9E /* AnonymousUITests.xctest */;
			productType = "com.apple.product-type.bundle.ui-testing";
		};
/* End PBXNativeTarget section */

/* Begin PBXProject section */
		A8A71AA72952CCB70084CC9E /* Project object */ = {
			isa = PBXProject;
			attributes = {
				BuildIndependentTargetsInParallel = 1;
				LastSwiftUpdateCheck = 1340;
				LastUpgradeCheck = 1340;
				TargetAttributes = {
					A8A71AAE2952CCB70084CC9E = {
						CreatedOnToolsVersion = 13.4.1;
					};
					A8A71ABE2952CCBC0084CC9E = {
						CreatedOnToolsVersion = 13.4.1;
						TestTargetID = A8A71AAE2952CCB70084CC9E;
					};
					A8A71AC82952CCBC0084CC9E = {
						CreatedOnToolsVersion = 13.4.1;
						TestTargetID = A8A71AAE2952CCB70084CC9E;
					};
				};
			};
			buildConfigurationList = A8A71AAA2952CCB70084CC9E /* Build configuration list for PBXProject "Anonymous" */;
			compatibilityVersion = "Xcode 13.0";
			developmentRegion = en;
			hasScannedForEncodings = 0;
			knownRegions = (
				en,
				Base,
			);
			mainGroup = A8A71AA62952CCB70084CC9E;
			productRefGroup = A8A71AB02952CCB70084CC9E /* Products */;
			projectDirPath = "";
			projectRoot = "";
			targets = (
				A8A71AAE2952CCB70084CC9E /* Anonymous */,
				A8A71ABE2952CCBC0084CC9E /* AnonymousTests */,
				A8A71AC82952CCBC0084CC9E /* AnonymousUITests */,
			);
		};
/* End PBXProject section */

/* Begin PBXResourcesBuildPhase section */
		A8A71AAD2952CCB70084CC9E /* Resources */ = {
			isa = PBXResourcesBuildPhase;
			buildActionMask = 2147483647;
			files = (
				A8A71ABA2952CCBB0084CC9E /* Preview Assets.xcassets in Resources */,
				A8A71AB72952CCBB0084CC9E /* Assets.xcassets in Resources */,
			);
			runOnlyForDeploymentPostprocessing = 0;
		};
		A8A71ABD2952CCBC0084CC9E /* Resources */ = {
			isa = PBXResourcesBuildPhase;
			buildActionMask = 2147483647;
			files = (
			);
			runOnlyForDeploymentPostprocessing = 0;
		};
		A8A71AC72952CCBC0084CC9E /* Resources */ = {
			isa = PBXResourcesBuildPhase;
			buildActionMask = 2147483647;
			files = (
			);
			runOnlyForDeploymentPostprocessing = 0;
		};
/* End PBXResourcesBuildPhase section */

/* Begin PBXSourcesBuildPhase section */
		A8A71AAB2952CCB70084CC9E /* Sources */ = {
			isa = PBXSourcesBuildPhase;
			buildActionMask = 2147483647;
			files = (
				A8A71AB52952CCB70084CC9E /* ContentView.swift in Sources */,
				A8A71AB32952CCB70084CC9E /* AnonymousApp.swift in Sources */,
			);
			runOnlyForDeploymentPostprocessing = 0;
		};
		A8A71ABB2952CCBC0084CC9E /* Sources */ = {
			isa = PBXSourcesBuildPhase;
			buildActionMask = 2147483647;
			files = (
				A8A71AC42952CCBC0084CC9E /* AnonymousTests.swift in Sources */,
			);
			runOnlyForDeploymentPostprocessing = 0;
		};
		A8A71AC52952CCBC0084CC9E /* Sources */ = {
			isa = PBXSourcesBuildPhase;
			buildActionMask = 2147483647;
			files = (
				A8A71AD02952CCBC0084CC9E /* AnonymousUITestsLaunchTests.swift in Sources */,
				A8A71ACE2952CCBC0084CC9E /* AnonymousUITests.swift in Sources */,
			);
			runOnlyForDeploymentPostprocessing = 0;
		};
/* End PBXSourcesBuildPhase section */

/* Begin PBXTargetDependency section */
		A8A71AC12952CCBC0084CC9E /* PBXTargetDependency */ = {
			isa = PBXTargetDependency;
			target = A8A71AAE2952CCB70084CC9E /* Anonymous */;
			targetProxy = A8A71AC02952CCBC0084CC9E /* PBXContainerItemProxy */;
		};
		A8A71ACB2952CCBC0084CC9E /* PBXTargetDependency */ = {
			isa = PBXTargetDependency;
			target = A8A71AAE2952CCB70084CC9E /* Anonymous */;
			targetProxy = A8A71ACA2952CCBC0084CC9E /* PBXContainerItemProxy */;
		};
/* End PBXTargetDependency section */

/* Begin XCBuildConfiguration section */
		A8A71AD12952CCBC0084CC9E /* Debug */ = {
			isa = XCBuildConfiguration;
			buildSettings = {
				ALWAYS_SEARCH_USER_PATHS = NO;
				CLANG_ANALYZER_NONNULL = YES;
				CLANG_ANALYZER_NUMBER_OBJECT_CONVERSION = YES_AGGRESSIVE;
				CLANG_CXX_LANGUAGE_STANDARD = "gnu++17";
				CLANG_ENABLE_MODULES = YES;
				CLANG_ENABLE_OBJC_ARC = YES;
				CLANG_ENABLE_OBJC_WEAK = YES;
				CLANG_WARN_BLOCK_CAPTURE_AUTORELEASING = YES;
				CLANG_WARN_BOOL_CONVERSION = YES;
				CLANG_WARN_COMMA = YES;
				CLANG_WARN_CONSTANT_CONVERSION = YES;
				CLANG_WARN_DEPRECATED_OBJC_IMPLEMENTATIONS = YES;
				CLANG_WARN_DIRECT_OBJC_ISA_USAGE = YES_ERROR;
				CLANG_WARN_DOCUMENTATION_COMMENTS = YES;
				CLANG_WARN_EMPTY_BODY = YES;
				CLANG_WARN_ENUM_CONVERSION = YES;
				CLANG_WARN_INFINITE_RECURSION = YES;
				CLANG_WARN_INT_CONVERSION = YES;
				CLANG_WARN_NON_LITERAL_NULL_CONVERSION = YES;
				CLANG_WARN_OBJC_IMPLICIT_RETAIN_SELF = YES;
				CLANG_WARN_OBJC_LITERAL_CONVERSION = YES;
				CLANG_WARN_OBJC_ROOT_CLASS = YES_ERROR;
				CLANG_WARN_QUOTED_INCLUDE_IN_FRAMEWORK_HEADER = YES;
				CLANG_WARN_RANGE_LOOP_ANALYSIS = YES;
				CLANG_WARN_STRICT_PROTOTYPES = YES;
				CLANG_WARN_SUSPICIOUS_MOVE = YES;
				CLANG_WARN_UNGUARDED_AVAILABILITY = YES_AGGRESSIVE;
				CLANG_WARN_UNREACHABLE_CODE = YES;
				CLANG_WARN__DUPLICATE_METHOD_MATCH = YES;
				COPY_PHASE_STRIP = NO;
				DEBUG_INFORMATION_FORMAT = dwarf;
				ENABLE_STRICT_OBJC_MSGSEND = YES;
				ENABLE_TESTABILITY = YES;
				GCC_C_LANGUAGE_STANDARD = gnu11;
				GCC_DYNAMIC_NO_PIC = NO;
				GCC_NO_COMMON_BLOCKS = YES;
				GCC_OPTIMIZATION_LEVEL = 0;
				GCC_PREPROCESSOR_DEFINITIONS = (
					"DEBUG=1",
					"$(inherited)",
				);
				GCC_WARN_64_TO_32_BIT_CONVERSION = YES;
				GCC_WARN_ABOUT_RETURN_TYPE = YES_ERROR;
				GCC_WARN_UNDECLARED_SELECTOR = YES;
				GCC_WARN_UNINITIALIZED_AUTOS = YES_AGGRESSIVE;
				GCC_WARN_UNUSED_FUNCTION = YES;
				GCC_WARN_UNUSED_VARIABLE = YES;
				IPHONEOS_DEPLOYMENT_TARGET = 15.5;
				MTL_ENABLE_DEBUG_INFO = INCLUDE_SOURCE;
				MTL_FAST_MATH = YES;
				ONLY_ACTIVE_ARCH = YES;
				SDKROOT = iphoneos;
				SWIFT_ACTIVE_COMPILATION_CONDITIONS = DEBUG;
				SWIFT_OPTIMIZATION_LEVEL = "-Onone";
			};
			name = Debug;
		};
		A8A71AD22952CCBC0084CC9E /* Release */ = {
			isa = XCBuildConfiguration;
			buildSettings = {
				ALWAYS_SEARCH_USER_PATHS = NO;
				CLANG_ANALYZER_NONNULL = YES;
				CLANG_ANALYZER_NUMBER_OBJECT_CONVERSION = YES_AGGRESSIVE;
				CLANG_CXX_LANGUAGE_STANDARD = "gnu++17";
				CLANG_ENABLE_MODULES = YES;
				CLANG_ENABLE_OBJC_ARC = YES;
				CLANG_ENABLE_OBJC_WEAK = YES;
				CLANG_WARN_BLOCK_CAPTURE_AUTORELEASING = YES;
				CLANG_WARN_BOOL_CONVERSION = YES;
				CLANG_WARN_COMMA = YES;
				CLANG_WARN_CONSTANT_CONVERSION = YES;
				CLANG_WARN_DEPRECATED_OBJC_IMPLEMENTATIONS = YES;
				CLANG_WARN_DIRECT_OBJC_ISA_USAGE = YES_ERROR;
				CLANG_WARN_DOCUMENTATION_COMMENTS = YES;
				CLANG_WARN_EMPTY_BODY = YES;
				CLANG_WARN_ENUM_CONVERSION = YES;
				CLANG_WARN_INFINITE_RECURSION = YES;
				CLANG_WARN_INT_CONVERSION = YES;
				CLANG_WARN_NON_LITERAL_NULL_CONVERSION = YES;
				CLANG_WARN_OBJC_IMPLICIT_RETAIN_SELF = YES;
				CLANG_WARN_OBJC_LITERAL_CONVERSION = YES;
				CLANG_WARN_OBJC_ROOT_CLASS = YES_ERROR;
				CLANG_WARN_QUOTED_INCLUDE_IN_FRAMEWORK_HEADER = YES;
				CLANG_WARN_RANGE_LOOP_ANALYSIS = YES;
				CLANG_WARN_STRICT_PROTOTYPES = YES;
				CLANG_WARN_SUSPICIOUS_MOVE = YES;
				CLANG_WARN_UNGUARDED_AVAILABILITY = YES_AGGRESSIVE;
				CLANG_WARN_UNREACHABLE_CODE = YES;
				CLANG_WARN__DUPLICATE_METHOD_MATCH = YES;
				COPY_PHASE_STRIP = NO;
				DEBUG_INFORMATION_FORMAT = "dwarf-with-dsym";
				ENABLE_NS_ASSERTIONS = NO;
				ENABLE_STRICT_OBJC_MSGSEND = YES;
				GCC_C_LANGUAGE_STANDARD = gnu11;
				GCC_NO_COMMON_BLOCKS = YES;
				GCC_WARN_64_TO_32_BIT_CONVERSION = YES;
				GCC_WARN_ABOUT_RETURN_TYPE = YES_ERROR;
				GCC_WARN_UNDECLARED_SELECTOR = YES;
				GCC_WARN_UNINITIALIZED_AUTOS = YES_AGGRESSIVE;
				GCC_WARN_UNUSED_FUNCTION = YES;
				GCC_WARN_UNUSED_VARIABLE = YES;
				IPHONEOS_DEPLOYMENT_TARGET = 15.5;
				MTL_ENABLE_DEBUG_INFO = NO;
				MTL_FAST_MATH = YES;
				SDKROOT = iphoneos;
				SWIFT_COMPILATION_MODE = wholemodule;
				SWIFT_OPTIMIZATION_LEVEL = "-O";
				VALIDATE_PRODUCT = YES;
			};
			name = Release;
		};
		A8A71AD42952CCBC0084CC9E /* Debug */ = {
			isa = XCBuildConfiguration;
			buildSettings = {
				ASSETCATALOG_COMPILER_APPICON_NAME = AppIcon;
				ASSETCATALOG_COMPILER_GLOBAL_ACCENT_COLOR_NAME = AccentColor;
				CODE_SIGN_STYLE = Automatic;
				CURRENT_PROJECT_VERSION = 1;
				DEVELOPMENT_ASSET_PATHS = "\"Anonymous/Preview Content\"";
				ENABLE_PREVIEWS = YES;
				GENERATE_INFOPLIST_FILE = YES;
				INFOPLIST_KEY_UIApplicationSceneManifest_Generation = YES;
				INFOPLIST_KEY_UIApplicationSupportsIndirectInputEvents = YES;
				INFOPLIST_KEY_UILaunchScreen_Generation = YES;
				INFOPLIST_KEY_UISupportedInterfaceOrientations_iPad = "UIInterfaceOrientationPortrait UIInterfaceOrientationPortraitUpsideDown UIInterfaceOrientationLandscapeLeft UIInterfaceOrientationLandscapeRight";
				INFOPLIST_KEY_UISupportedInterfaceOrientations_iPhone = "UIInterfaceOrientationPortrait UIInterfaceOrientationLandscapeLeft UIInterfaceOrientationLandscapeRight";
				LD_RUNPATH_SEARCH_PATHS = (
					"$(inherited)",
					"@executable_path/Frameworks",
				);
				MARKETING_VERSION = 1.0;
				PRODUCT_BUNDLE_IDENTIFIER = nimapinfotech.Anonymous;
				PRODUCT_NAME = "$(TARGET_NAME)";
				SWIFT_EMIT_LOC_STRINGS = YES;
				SWIFT_VERSION = 5.0;
				TARGETED_DEVICE_FAMILY = "1,2";
			};
			name = Debug;
		};
		A8A71AD52952CCBC0084CC9E /* Release */ = {
			isa = XCBuildConfiguration;
			buildSettings = {
				ASSETCATALOG_COMPILER_APPICON_NAME = AppIcon;
				ASSETCATALOG_COMPILER_GLOBAL_ACCENT_COLOR_NAME = AccentColor;
				CODE_SIGN_STYLE = Automatic;
				CURRENT_PROJECT_VERSION = 1;
				DEVELOPMENT_ASSET_PATHS = "\"Anonymous/Preview Content\"";
				ENABLE_PREVIEWS = YES;
				GENERATE_INFOPLIST_FILE = YES;
				INFOPLIST_KEY_UIApplicationSceneManifest_Generation = YES;
				INFOPLIST_KEY_UIApplicationSupportsIndirectInputEvents = YES;
				INFOPLIST_KEY_UILaunchScreen_Generation = YES;
				INFOPLIST_KEY_UISupportedInterfaceOrientations_iPad = "UIInterfaceOrientationPortrait UIInterfaceOrientationPortraitUpsideDown UIInterfaceOrientationLandscapeLeft UIInterfaceOrientationLandscapeRight";
				INFOPLIST_KEY_UISupportedInterfaceOrientations_iPhone = "UIInterfaceOrientationPortrait UIInterfaceOrientationLandscapeLeft UIInterfaceOrientationLandscapeRight";
				LD_RUNPATH_SEARCH_PATHS = (
					"$(inherited)",
					"@executable_path/Frameworks",
				);
				MARKETING_VERSION = 1.0;
				PRODUCT_BUNDLE_IDENTIFIER = nimapinfotech.Anonymous;
				PRODUCT_NAME = "$(TARGET_NAME)";
				SWIFT_EMIT_LOC_STRINGS = YES;
				SWIFT_VERSION = 5.0;
				TARGETED_DEVICE_FAMILY = "1,2";
			};
			name = Release;
		};
		A8A71AD72952CCBC0084CC9E /* Debug */ = {
			isa = XCBuildConfiguration;
			buildSettings = {
				ALWAYS_EMBED_SWIFT_STANDARD_LIBRARIES = YES;
				BUNDLE_LOADER = "$(TEST_HOST)";
				CODE_SIGN_STYLE = Automatic;
				CURRENT_PROJECT_VERSION = 1;
				GENERATE_INFOPLIST_FILE = YES;
				IPHONEOS_DEPLOYMENT_TARGET = 15.5;
				MARKETING_VERSION = 1.0;
				PRODUCT_BUNDLE_IDENTIFIER = nimapinfotech.AnonymousTests;
				PRODUCT_NAME = "$(TARGET_NAME)";
				SWIFT_EMIT_LOC_STRINGS = NO;
				SWIFT_VERSION = 5.0;
				TARGETED_DEVICE_FAMILY = "1,2";
				TEST_HOST = "$(BUILT_PRODUCTS_DIR)/Anonymous.app/Anonymous";
			};
			name = Debug;
		};
		A8A71AD82952CCBC0084CC9E /* Release */ = {
			isa = XCBuildConfiguration;
			buildSettings = {
				ALWAYS_EMBED_SWIFT_STANDARD_LIBRARIES = YES;
				BUNDLE_LOADER = "$(TEST_HOST)";
				CODE_SIGN_STYLE = Automatic;
				CURRENT_PROJECT_VERSION = 1;
				GENERATE_INFOPLIST_FILE = YES;
				IPHONEOS_DEPLOYMENT_TARGET = 15.5;
				MARKETING_VERSION = 1.0;
				PRODUCT_BUNDLE_IDENTIFIER = nimapinfotech.AnonymousTests;
				PRODUCT_NAME = "$(TARGET_NAME)";
				SWIFT_EMIT_LOC_STRINGS = NO;
				SWIFT_VERSION = 5.0;
				TARGETED_DEVICE_FAMILY = "1,2";
				TEST_HOST = "$(BUILT_PRODUCTS_DIR)/Anonymous.app/Anonymous";
			};
			name = Release;
		};
		A8A71ADA2952CCBC0084CC9E /* Debug */ = {
			isa = XCBuildConfiguration;
			buildSettings = {
				ALWAYS_EMBED_SWIFT_STANDARD_LIBRARIES = YES;
				CODE_SIGN_STYLE = Automatic;
				CURRENT_PROJECT_VERSION = 1;
				GENERATE_INFOPLIST_FILE = YES;
				MARKETING_VERSION = 1.0;
				PRODUCT_BUNDLE_IDENTIFIER = nimapinfotech.AnonymousUITests;
				PRODUCT_NAME = "$(TARGET_NAME)";
				SWIFT_EMIT_LOC_STRINGS = NO;
				SWIFT_VERSION = 5.0;
				TARGETED_DEVICE_FAMILY = "1,2";
				TEST_TARGET_NAME = Anonymous;
			};
			name = Debug;
		};
		A8A71ADB2952CCBC0084CC9E /* Release */ = {
			isa = XCBuildConfiguration;
			buildSettings = {
				ALWAYS_EMBED_SWIFT_STANDARD_LIBRARIES = YES;
				CODE_SIGN_STYLE = Automatic;
				CURRENT_PROJECT_VERSION = 1;
				GENERATE_INFOPLIST_FILE = YES;
				MARKETING_VERSION = 1.0;
				PRODUCT_BUNDLE_IDENTIFIER = nimapinfotech.AnonymousUITests;
				PRODUCT_NAME = "$(TARGET_NAME)";
				SWIFT_EMIT_LOC_STRINGS = NO;
				SWIFT_VERSION = 5.0;
				TARGETED_DEVICE_FAMILY = "1,2";
				TEST_TARGET_NAME = Anonymous;
			};
			name = Release;
		};
/* End XCBuildConfiguration section */

/* Begin XCConfigurationList section */
		A8A71AAA2952CCB70084CC9E /* Build configuration list for PBXProject "Anonymous" */ = {
			isa = XCConfigurationList;
			buildConfigurations = (
				A8A71AD12952CCBC0084CC9E /* Debug */,
				A8A71AD22952CCBC0084CC9E /* Release */,
			);
			defaultConfigurationIsVisible = 0;
			defaultConfigurationName = Release;
		};
		A8A71AD32952CCBC0084CC9E /* Build configuration list for PBXNativeTarget "Anonymous" */ = {
			isa = XCConfigurationList;
			buildConfigurations = (
				A8A71AD42952CCBC0084CC9E /* Debug */,
				A8A71AD52952CCBC0084CC9E /* Release */,
			);
			defaultConfigurationIsVisible = 0;
			defaultConfigurationName = Release;
		};
		A8A71AD62952CCBC0084CC9E /* Build configuration list for PBXNativeTarget "AnonymousTests" */ = {
			isa = XCConfigurationList;
			buildConfigurations = (
				A8A71AD72952CCBC0084CC9E /* Debug */,
				A8A71AD82952CCBC0084CC9E /* Release */,
			);
			defaultConfigurationIsVisible = 0;
			defaultConfigurationName = Release;
		};
		A8A71AD92952CCBC0084CC9E /* Build configuration list for PBXNativeTarget "AnonymousUITests" */ = {
			isa = XCConfigurationList;
			buildConfigurations = (
				A8A71ADA2952CCBC0084CC9E /* Debug */,
				A8A71ADB2952CCBC0084CC9E /* Release */,
			);
			defaultConfigurationIsVisible = 0;
			defaultConfigurationName = Release;
		};
/* End XCConfigurationList section */
	};
	rootObject = A8A71AA72952CCB70084CC9E /* Project object */;
}
